
Microsoft Visual Studio Solution File, Format Version 12.00
# Visual Studio Version 17
VisualStudioVersion = 17.5.33424.131
MinimumVisualStudioVersion = 10.0.40219.1
Project("{8BC9CEB8-8B4A-11D0-8D11-00A0C91BC942}") = "Conv_Pthread", "Conv_Pthread\Conv_Pthread.vcxproj", "{155A3AD2-7FD7-4790-AB39-E303BFB85C32}"
EndProject
Global
	GlobalSection(SolutionConfigurationPlatforms) = preSolution
		Debug|x64 = Debug|x64
		Debug|x86 = Debug|x86
		Release|x64 = Release|x64
		Release|x86 = Release|x86
	EndGlobalSection
	GlobalSection(ProjectConfigurationPlatforms) = postSolution
		{155A3AD2-7FD7-4790-AB39-E303BFB85C32}.Debug|x64.ActiveCfg = Debug|x64
		{155A3AD2-7FD7-4790-AB39-E303BFB85C32}.Debug|x64.Build.0 = Debug|x64
		{155A3AD2-7FD7-4790-AB39-E303BFB85C32}.Debug|x86.ActiveCfg = Debug|Win32
		{155A3AD2-7FD7-4790-AB39-E303BFB85C32}.Debug|x86.Build.0 = Debug|Win32
		{155A3AD2-7FD7-4790-AB39-E303BFB85C32}.Release|x64.ActiveCfg = Release|x64
		{155A3AD2-7FD7-4790-AB39-E303BFB85C32}.Release|x64.Build.0 = Release|x64
		{155A3AD2-7FD7-4790-AB39-E303BFB85C32}.Release|x86.ActiveCfg = Release|Win32
		{155A3AD2-7FD7-4790-AB39-E303BFB85C32}.Release|x86.Build.0 = Release|Win32
	EndGlobalSection
	GlobalSection(SolutionProperties) = preSolution
		HideSolutionNode = FALSE
	EndGlobalSection
	GlobalSection(ExtensibilityGlobals) = postSolution
		SolutionGuid = {5D27C1FB-231F-4885-8EBE-9775C979D475}
	EndGlobalSection
EndGlobal
